
Microsoft Visual Studio Solution File, Format Version 12.00
# Visual Studio Version 17
VisualStudioVersion = 17.9.34728.123
MinimumVisualStudioVersion = 10.0.40219.1
Project("{FAE04EC0-301F-11D3-BF4B-00C04F79EFBC}") = "Restaurant", "Restaurant\Restaurant.csproj", "{D09A1968-C8F8-4A74-9294-CA0811605585}"
EndProject
Global
	GlobalSection(SolutionConfigurationPlatforms) = preSolution
		Debug|Any CPU = Debug|Any CPU
		Release|Any CPU = Release|Any CPU
	EndGlobalSection
	GlobalSection(ProjectConfigurationPlatforms) = postSolution
		{D09A1968-C8F8-4A74-9294-CA0811605585}.Debug|Any CPU.ActiveCfg = Debug|Any CPU
		{D09A1968-C8F8-4A74-9294-CA0811605585}.Debug|Any CPU.Build.0 = Debug|Any CPU
		{D09A1968-C8F8-4A74-9294-CA0811605585}.Release|Any CPU.ActiveCfg = Release|Any CPU
		{D09A1968-C8F8-4A74-9294-CA0811605585}.Release|Any CPU.Build.0 = Release|Any CPU
	EndGlobalSection
	GlobalSection(SolutionProperties) = preSolution
		HideSolutionNode = FALSE
	EndGlobalSection
	GlobalSection(ExtensibilityGlobals) = postSolution
		SolutionGuid = {659977D9-3A89-4729-A17D-3DABBC2C78DB}
	EndGlobalSection
EndGlobal
